
Microsoft Visual Studio Solution File, Format Version 12.00
# Visual Studio Version 16
VisualStudioVersion = 16.0.30114.105
MinimumVisualStudioVersion = 10.0.40219.1
Project("{FAE04EC0-301F-11D3-BF4B-00C04F79EFBC}") = "Tub.ChromiumRelay", "Tub.ChromiumRelay\Tub.ChromiumRelay.csproj", "{15AF1049-EE9B-42EE-B693-E3BF3A1B049D}"
EndProject
Project("{FAE04EC0-301F-11D3-BF4B-00C04F79EFBC}") = "Tub.UI", "Tub.UI\Tub.UI.csproj", "{FFF6111F-A757-403D-BA9D-EA57459CFE22}"
EndProject
Project("{FAE04EC0-301F-11D3-BF4B-00C04F79EFBC}") = "Tub.Messages", "Tub.Messages\Tub.Messages.csproj", "{C378B60B-6EB0-4973-B67E-266BB4AF9947}"
EndProject
Project("{FAE04EC0-301F-11D3-BF4B-00C04F79EFBC}") = "Tub.BrowserLogic", "Tub.BrowserLogic\Tub.BrowserLogic.csproj", "{F8097464-7F15-44AB-A48E-36EFD330BDEE}"
EndProject
Project("{FAE04EC0-301F-11D3-BF4B-00C04F79EFBC}") = "Tub.Utils", "Tub.Utils\Tub.Utils.csproj", "{81E77306-3062-4D1C-8295-0FEE3A1DD6FD}"
EndProject
Global
	GlobalSection(SolutionConfigurationPlatforms) = preSolution
		Debug|Any CPU = Debug|Any CPU
		Debug|x64 = Debug|x64
		Debug|x86 = Debug|x86
		Release|Any CPU = Release|Any CPU
		Release|x64 = Release|x64
		Release|x86 = Release|x86
	EndGlobalSection
	GlobalSection(SolutionProperties) = preSolution
		HideSolutionNode = FALSE
	EndGlobalSection
	GlobalSection(ProjectConfigurationPlatforms) = postSolution
		{15AF1049-EE9B-42EE-B693-E3BF3A1B049D}.Debug|Any CPU.ActiveCfg = Debug|Any CPU
		{15AF1049-EE9B-42EE-B693-E3BF3A1B049D}.Debug|Any CPU.Build.0 = Debug|Any CPU
		{15AF1049-EE9B-42EE-B693-E3BF3A1B049D}.Debug|x64.ActiveCfg = Debug|Any CPU
		{15AF1049-EE9B-42EE-B693-E3BF3A1B049D}.Debug|x64.Build.0 = Debug|Any CPU
		{15AF1049-EE9B-42EE-B693-E3BF3A1B049D}.Debug|x86.ActiveCfg = Debug|Any CPU
		{15AF1049-EE9B-42EE-B693-E3BF3A1B049D}.Debug|x86.Build.0 = Debug|Any CPU
		{15AF1049-EE9B-42EE-B693-E3BF3A1B049D}.Release|Any CPU.ActiveCfg = Release|Any CPU
		{15AF1049-EE9B-42EE-B693-E3BF3A1B049D}.Release|Any CPU.Build.0 = Release|Any CPU
		{15AF1049-EE9B-42EE-B693-E3BF3A1B049D}.Release|x64.ActiveCfg = Release|Any CPU
		{15AF1049-EE9B-42EE-B693-E3BF3A1B049D}.Release|x64.Build.0 = Release|Any CPU
		{15AF1049-EE9B-42EE-B693-E3BF3A1B049D}.Release|x86.ActiveCfg = Release|Any CPU
		{15AF1049-EE9B-42EE-B693-E3BF3A1B049D}.Release|x86.Build.0 = Release|Any CPU
		{FFF6111F-A757-403D-BA9D-EA57459CFE22}.Debug|Any CPU.ActiveCfg = Debug|Any CPU
		{FFF6111F-A757-403D-BA9D-EA57459CFE22}.Debug|Any CPU.Build.0 = Debug|Any CPU
		{FFF6111F-A757-403D-BA9D-EA57459CFE22}.Debug|x64.ActiveCfg = Debug|Any CPU
		{FFF6111F-A757-403D-BA9D-EA57459CFE22}.Debug|x64.Build.0 = Debug|Any CPU
		{FFF6111F-A757-403D-BA9D-EA57459CFE22}.Debug|x86.ActiveCfg = Debug|Any CPU
		{FFF6111F-A757-403D-BA9D-EA57459CFE22}.Debug|x86.Build.0 = Debug|Any CPU
		{FFF6111F-A757-403D-BA9D-EA57459CFE22}.Release|Any CPU.ActiveCfg = Release|Any CPU
		{FFF6111F-A757-403D-BA9D-EA57459CFE22}.Release|Any CPU.Build.0 = Release|Any CPU
		{FFF6111F-A757-403D-BA9D-EA57459CFE22}.Release|x64.ActiveCfg = Release|Any CPU
		{FFF6111F-A757-403D-BA9D-EA57459CFE22}.Release|x64.Build.0 = Release|Any CPU
		{FFF6111F-A757-403D-BA9D-EA57459CFE22}.Release|x86.ActiveCfg = Release|Any CPU
		{FFF6111F-A757-403D-BA9D-EA57459CFE22}.Release|x86.Build.0 = Release|Any CPU
		{C378B60B-6EB0-4973-B67E-266BB4AF9947}.Debug|Any CPU.ActiveCfg = Debug|Any CPU
		{C378B60B-6EB0-4973-B67E-266BB4AF9947}.Debug|Any CPU.Build.0 = Debug|Any CPU
		{C378B60B-6EB0-4973-B67E-266BB4AF9947}.Debug|x64.ActiveCfg = Debug|Any CPU
		{C378B60B-6EB0-4973-B67E-266BB4AF9947}.Debug|x64.Build.0 = Debug|Any CPU
		{C378B60B-6EB0-4973-B67E-266BB4AF9947}.Debug|x86.ActiveCfg = Debug|Any CPU
		{C378B60B-6EB0-4973-B67E-266BB4AF9947}.Debug|x86.Build.0 = Debug|Any CPU
		{C378B60B-6EB0-4973-B67E-266BB4AF9947}.Release|Any CPU.ActiveCfg = Release|Any CPU
		{C378B60B-6EB0-4973-B67E-266BB4AF9947}.Release|Any CPU.Build.0 = Release|Any CPU
		{C378B60B-6EB0-4973-B67E-266BB4AF9947}.Release|x64.ActiveCfg = Release|Any CPU
		{C378B60B-6EB0-4973-B67E-266BB4AF9947}.Release|x64.Build.0 = Release|Any CPU
		{C378B60B-6EB0-4973-B67E-266BB4AF9947}.Release|x86.ActiveCfg = Release|Any CPU
		{C378B60B-6EB0-4973-B67E-266BB4AF9947}.Release|x86.Build.0 = Release|Any CPU
		{F8097464-7F15-44AB-A48E-36EFD330BDEE}.Debug|Any CPU.ActiveCfg = Debug|Any CPU
		{F8097464-7F15-44AB-A48E-36EFD330BDEE}.Debug|Any CPU.Build.0 = Debug|Any CPU
		{F8097464-7F15-44AB-A48E-36EFD330BDEE}.Debug|x64.ActiveCfg = Debug|Any CPU
		{F8097464-7F15-44AB-A48E-36EFD330BDEE}.Debug|x64.Build.0 = Debug|Any CPU
		{F8097464-7F15-44AB-A48E-36EFD330BDEE}.Debug|x86.ActiveCfg = Debug|Any CPU
		{F8097464-7F15-44AB-A48E-36EFD330BDEE}.Debug|x86.Build.0 = Debug|Any CPU
		{F8097464-7F15-44AB-A48E-36EFD330BDEE}.Release|Any CPU.ActiveCfg = Release|Any CPU
		{F8097464-7F15-44AB-A48E-36EFD330BDEE}.Release|Any CPU.Build.0 = Release|Any CPU
		{F8097464-7F15-44AB-A48E-36EFD330BDEE}.Release|x64.ActiveCfg = Release|Any CPU
		{F8097464-7F15-44AB-A48E-36EFD330BDEE}.Release|x64.Build.0 = Release|Any CPU
		{F8097464-7F15-44AB-A48E-36EFD330BDEE}.Release|x86.ActiveCfg = Release|Any CPU
		{F8097464-7F15-44AB-A48E-36EFD330BDEE}.Release|x86.Build.0 = Release|Any CPU
		{81E77306-3062-4D1C-8295-0FEE3A1DD6FD}.Debug|Any CPU.ActiveCfg = Debug|Any CPU
		{81E77306-3062-4D1C-8295-0FEE3A1DD6FD}.Debug|Any CPU.Build.0 = Debug|Any CPU
		{81E77306-3062-4D1C-8295-0FEE3A1DD6FD}.Debug|x64.ActiveCfg = Debug|Any CPU
		{81E77306-3062-4D1C-8295-0FEE3A1DD6FD}.Debug|x64.Build.0 = Debug|Any CPU
		{81E77306-3062-4D1C-8295-0FEE3A1DD6FD}.Debug|x86.ActiveCfg = Debug|Any CPU
		{81E77306-3062-4D1C-8295-0FEE3A1DD6FD}.Debug|x86.Build.0 = Debug|Any CPU
		{81E77306-3062-4D1C-8295-0FEE3A1DD6FD}.Release|Any CPU.ActiveCfg = Release|Any CPU
		{81E77306-3062-4D1C-8295-0FEE3A1DD6FD}.Release|Any CPU.Build.0 = Release|Any CPU
		{81E77306-3062-4D1C-8295-0FEE3A1DD6FD}.Release|x64.ActiveCfg = Release|Any CPU
		{81E77306-3062-4D1C-8295-0FEE3A1DD6FD}.Release|x64.Build.0 = Release|Any CPU
		{81E77306-3062-4D1C-8295-0FEE3A1DD6FD}.Release|x86.ActiveCfg = Release|Any CPU
		{81E77306-3062-4D1C-8295-0FEE3A1DD6FD}.Release|x86.Build.0 = Release|Any CPU
	EndGlobalSection
EndGlobal
